
Microsoft Visual Studio Solution File, Format Version 12.00
# Visual Studio Version 17
VisualStudioVersion = 17.8.34728.176
MinimumVisualStudioVersion = 10.0.40219.1
Project("{FAE04EC0-301F-11D3-BF4B-00C04F79EFBC}") = "ratelimit", "ratelimit\ratelimit.csproj", "{1D2EAA7A-3C10-4D78-B74C-EABA7B253688}"
EndProject
Global
	GlobalSection(SolutionConfigurationPlatforms) = preSolution
		Debug|Any CPU = Debug|Any CPU
		Release|Any CPU = Release|Any CPU
	EndGlobalSection
	GlobalSection(ProjectConfigurationPlatforms) = postSolution
		{1D2EAA7A-3C10-4D78-B74C-EABA7B253688}.Debug|Any CPU.ActiveCfg = Debug|Any CPU
		{1D2EAA7A-3C10-4D78-B74C-EABA7B253688}.Debug|Any CPU.Build.0 = Debug|Any CPU
		{1D2EAA7A-3C10-4D78-B74C-EABA7B253688}.Release|Any CPU.ActiveCfg = Release|Any CPU
		{1D2EAA7A-3C10-4D78-B74C-EABA7B253688}.Release|Any CPU.Build.0 = Release|Any CPU
	EndGlobalSection
	GlobalSection(SolutionProperties) = preSolution
		HideSolutionNode = FALSE
	EndGlobalSection
	GlobalSection(ExtensibilityGlobals) = postSolution
		SolutionGuid = {552A1CD6-ABFC-4A46-9F08-A90C1F299153}
	EndGlobalSection
EndGlobal
